{
	"name": "libheic",
	"version": "0.0.1",
	"lockfileVersion": 3,
	"requires": true,
	"packages": {
		"": {
			"name": "libheic",
			"version": "0.0.1",
			"license": "MIT",
			"bin": {
				"heic": "heic.js"
			},
			"devDependencies": {
				"node-addon-api": "^8.1.0",
				"node-api-headers": "^1.2.0"
			}
		},
		"node_modules/node-addon-api": {
			"version": "8.1.0",
			"resolved": "https://registry.npmjs.org/node-addon-api/-/node-addon-api-8.1.0.tgz",
			"integrity": "sha512-yBY+qqWSv3dWKGODD6OGE6GnTX7Q2r+4+DfpqxHSHh8x0B4EKP9+wVGLS6U/AM1vxSNNmUEuIV5EGhYwPpfOwQ==",
			"dev": true,
			"engines": {
				"node": "^18 || ^20 || >= 21"
			}
		},
		"node_modules/node-api-headers": {
			"version": "1.3.0",
			"resolved": "https://registry.npmjs.org/node-api-headers/-/node-api-headers-1.3.0.tgz",
			"integrity": "sha512-8Bviwtw4jNhv0B2qDjj4M5e6GyAuGtxsmZTrFJu3S3Z0+oHwIgSUdIKkKJmZd+EbMo7g3v4PLBbrjxwmZOqMBg==",
			"dev": true,
			"license": "MIT"
		}
	}
}
